
Microsoft Visual Studio Solution File, Format Version 12.00
# Visual Studio Version 17
VisualStudioVersion = 17.4.33110.190
MinimumVisualStudioVersion = 10.0.40219.1
Project("{FAE04EC0-301F-11D3-BF4B-00C04F79EFBC}") = "Smithy.CodeClips", "Smithy.CodeClips\Smithy.CodeClips.csproj", "{204962F6-C275-4694-957C-DBF6E3BAFCB3}"
EndProject
Project("{FAE04EC0-301F-11D3-BF4B-00C04F79EFBC}") = "Smithy.CodeClips.Test", "Smithy.CodeClips.Test\Smithy.CodeClips.Test.csproj", "{ADD23C88-417F-4FCE-81CF-CA35B6CECE18}"
EndProject
Global
	GlobalSection(SolutionConfigurationPlatforms) = preSolution
		Debug|Any CPU = Debug|Any CPU
		Release|Any CPU = Release|Any CPU
	EndGlobalSection
	GlobalSection(ProjectConfigurationPlatforms) = postSolution
		{204962F6-C275-4694-957C-DBF6E3BAFCB3}.Debug|Any CPU.ActiveCfg = Debug|Any CPU
		{204962F6-C275-4694-957C-DBF6E3BAFCB3}.Debug|Any CPU.Build.0 = Debug|Any CPU
		{204962F6-C275-4694-957C-DBF6E3BAFCB3}.Release|Any CPU.ActiveCfg = Release|Any CPU
		{204962F6-C275-4694-957C-DBF6E3BAFCB3}.Release|Any CPU.Build.0 = Release|Any CPU
		{ADD23C88-417F-4FCE-81CF-CA35B6CECE18}.Debug|Any CPU.ActiveCfg = Debug|Any CPU
		{ADD23C88-417F-4FCE-81CF-CA35B6CECE18}.Debug|Any CPU.Build.0 = Debug|Any CPU
		{ADD23C88-417F-4FCE-81CF-CA35B6CECE18}.Release|Any CPU.ActiveCfg = Release|Any CPU
		{ADD23C88-417F-4FCE-81CF-CA35B6CECE18}.Release|Any CPU.Build.0 = Release|Any CPU
	EndGlobalSection
	GlobalSection(SolutionProperties) = preSolution
		HideSolutionNode = FALSE
	EndGlobalSection
	GlobalSection(ExtensibilityGlobals) = postSolution
		SolutionGuid = {D483BC9F-455B-4E44-967E-2F0E400E2826}
	EndGlobalSection
EndGlobal
